Microsoft Visual Studio Solution File, Format Version 12.00
# Visual Studio Version 16
VisualStudioVersion = 16.0.31105.61
MinimumVisualStudioVersion = 10.0.40219.1
Project("{9A19103F-16F7-4668-BE54-9A1E7A4F7556}") = "RawDiskLib", "RawDiskLib\RawDiskLib.csproj", "{C2D3D361-FD53-4928-8467-72AAD5C63D24}"
EndProject
Project("{2150E333-8FDC-42A3-9474-1A3956D46DE8}") = "Examples", "Examples", "{C5A63324-038D-442A-A4E3-A73260C5A19C}"
EndProject
Project("{9A19103F-16F7-4668-BE54-9A1E7A4F7556}") = "TestApplication", "Examples\TestApplication\TestApplication.csproj", "{0D4905FB-6E29-4ADF-90B7-C560B962F3F0}"
EndProject
Project("{2150E333-8FDC-42A3-9474-1A3956D46DE8}") = "Solution Items", "Solution Items", "{D10F43F9-0CDD-4918-8FC8-8FCAF2DE31B3}"
	ProjectSection(SolutionItems) = preProject
		appveyor.yml = appveyor.yml
		Directory.Build.props = Directory.Build.props
		README.md = README.md
	EndProjectSection
EndProject
Project("{2150E333-8FDC-42A3-9474-1A3956D46DE8}") = "_Imports", "_Imports", "{85DFF48C-8580-486C-9ADF-47946BFBD1E1}"
	ProjectSection(SolutionItems) = preProject
		_Imports\Local.targets = _Imports\Local.targets
		_Imports\Test.targets = _Imports\Test.targets
	EndProjectSection
EndProject
Global
	GlobalSection(SolutionConfigurationPlatforms) = preSolution
		Debug|Any CPU = Debug|Any CPU
		Debug|x64 = Debug|x64
		Debug|x86 = Debug|x86
		Release|Any CPU = Release|Any CPU
		Release|x64 = Release|x64
		Release|x86 = Release|x86
	EndGlobalSection
	GlobalSection(ProjectConfigurationPlatforms) = postSolution
		{C2D3D361-FD53-4928-8467-72AAD5C63D24}.Debug|Any CPU.ActiveCfg = Debug|Any CPU
		{C2D3D361-FD53-4928-8467-72AAD5C63D24}.Debug|Any CPU.Build.0 = Debug|Any CPU
		{C2D3D361-FD53-4928-8467-72AAD5C63D24}.Debug|x64.ActiveCfg = Debug|Any CPU
		{C2D3D361-FD53-4928-8467-72AAD5C63D24}.Debug|x64.Build.0 = Debug|Any CPU
		{C2D3D361-FD53-4928-8467-72AAD5C63D24}.Debug|x86.ActiveCfg = Debug|Any CPU
		{C2D3D361-FD53-4928-8467-72AAD5C63D24}.Debug|x86.Build.0 = Debug|Any CPU
		{C2D3D361-FD53-4928-8467-72AAD5C63D24}.Release|Any CPU.ActiveCfg = Release|Any CPU
		{C2D3D361-FD53-4928-8467-72AAD5C63D24}.Release|Any CPU.Build.0 = Release|Any CPU
		{C2D3D361-FD53-4928-8467-72AAD5C63D24}.Release|x64.ActiveCfg = Release|Any CPU
		{C2D3D361-FD53-4928-8467-72AAD5C63D24}.Release|x64.Build.0 = Release|Any CPU
		{C2D3D361-FD53-4928-8467-72AAD5C63D24}.Release|x86.ActiveCfg = Release|Any CPU
		{C2D3D361-FD53-4928-8467-72AAD5C63D24}.Release|x86.Build.0 = Release|Any CPU
		{0D4905FB-6E29-4ADF-90B7-C560B962F3F0}.Debug|Any CPU.ActiveCfg = Debug|Any CPU
		{0D4905FB-6E29-4ADF-90B7-C560B962F3F0}.Debug|Any CPU.Build.0 = Debug|Any CPU
		{0D4905FB-6E29-4ADF-90B7-C560B962F3F0}.Debug|x64.ActiveCfg = Debug|Any CPU
		{0D4905FB-6E29-4ADF-90B7-C560B962F3F0}.Debug|x64.Build.0 = Debug|Any CPU
		{0D4905FB-6E29-4ADF-90B7-C560B962F3F0}.Debug|x86.ActiveCfg = Debug|Any CPU
		{0D4905FB-6E29-4ADF-90B7-C560B962F3F0}.Debug|x86.Build.0 = Debug|Any CPU
		{0D4905FB-6E29-4ADF-90B7-C560B962F3F0}.Release|Any CPU.ActiveCfg = Release|Any CPU
		{0D4905FB-6E29-4ADF-90B7-C560B962F3F0}.Release|Any CPU.Build.0 = Release|Any CPU
		{0D4905FB-6E29-4ADF-90B7-C560B962F3F0}.Release|x64.ActiveCfg = Release|Any CPU
		{0D4905FB-6E29-4ADF-90B7-C560B962F3F0}.Release|x64.Build.0 = Release|Any CPU
		{0D4905FB-6E29-4ADF-90B7-C560B962F3F0}.Release|x86.ActiveCfg = Release|Any CPU
		{0D4905FB-6E29-4ADF-90B7-C560B962F3F0}.Release|x86.Build.0 = Release|Any CPU
	EndGlobalSection
	GlobalSection(SolutionProperties) = preSolution
		HideSolutionNode = FALSE
	EndGlobalSection
	GlobalSection(NestedProjects) = preSolution
		{0D4905FB-6E29-4ADF-90B7-C560B962F3F0} = {C5A63324-038D-442A-A4E3-A73260C5A19C}
		{85DFF48C-8580-486C-9ADF-47946BFBD1E1} = {D10F43F9-0CDD-4918-8FC8-8FCAF2DE31B3}
	EndGlobalSection
	GlobalSection(ExtensibilityGlobals) = postSolution
		SolutionGuid = {10FC3F59-4D76-411E-B2E8-89A0D096B85F}
	EndGlobalSection
EndGlobal
