
Microsoft Visual Studio Solution File, Format Version 12.00
# Visual Studio 2012
Project("{FAE04EC0-301F-11D3-BF4B-00C04F79EFBC}") = "RawDiskLib", "RawDiskLib\RawDiskLib.csproj", "{5E9AA56E-6428-4DED-97A2-C51C51A6EA89}"
EndProject
Project("{FAE04EC0-301F-11D3-BF4B-00C04F79EFBC}") = "TestApplication", "TestApplication\TestApplication.csproj", "{68922CD2-A213-43B5-B6AF-98BB0B37E374}"
EndProject
Project("{2150E333-8FDC-42A3-9474-1A3956D46DE8}") = "Externals", "Externals", "{349FA729-E5E6-4A6D-843B-9365A88B6F3F}"
EndProject
Project("{FAE04EC0-301F-11D3-BF4B-00C04F79EFBC}") = "DeviceIOControlLib", "DeviceIOControlLib\DeviceIOControlLib\DeviceIOControlLib.csproj", "{303F50C6-4EBB-45C5-BFEA-F5F39CAF0410}"
EndProject
Global
	GlobalSection(SolutionConfigurationPlatforms) = preSolution
		Debug|Any CPU = Debug|Any CPU
		Release|Any CPU = Release|Any CPU
	EndGlobalSection
	GlobalSection(ProjectConfigurationPlatforms) = postSolution
		{5E9AA56E-6428-4DED-97A2-C51C51A6EA89}.Debug|Any CPU.ActiveCfg = Debug|Any CPU
		{5E9AA56E-6428-4DED-97A2-C51C51A6EA89}.Debug|Any CPU.Build.0 = Debug|Any CPU
		{5E9AA56E-6428-4DED-97A2-C51C51A6EA89}.Release|Any CPU.ActiveCfg = Release|Any CPU
		{5E9AA56E-6428-4DED-97A2-C51C51A6EA89}.Release|Any CPU.Build.0 = Release|Any CPU
		{68922CD2-A213-43B5-B6AF-98BB0B37E374}.Debug|Any CPU.ActiveCfg = Debug|Any CPU
		{68922CD2-A213-43B5-B6AF-98BB0B37E374}.Debug|Any CPU.Build.0 = Debug|Any CPU
		{68922CD2-A213-43B5-B6AF-98BB0B37E374}.Release|Any CPU.ActiveCfg = Release|Any CPU
		{68922CD2-A213-43B5-B6AF-98BB0B37E374}.Release|Any CPU.Build.0 = Release|Any CPU
		{303F50C6-4EBB-45C5-BFEA-F5F39CAF0410}.Debug|Any CPU.ActiveCfg = Debug|Any CPU
		{303F50C6-4EBB-45C5-BFEA-F5F39CAF0410}.Debug|Any CPU.Build.0 = Debug|Any CPU
		{303F50C6-4EBB-45C5-BFEA-F5F39CAF0410}.Release|Any CPU.ActiveCfg = Release|Any CPU
		{303F50C6-4EBB-45C5-BFEA-F5F39CAF0410}.Release|Any CPU.Build.0 = Release|Any CPU
	EndGlobalSection
	GlobalSection(SolutionProperties) = preSolution
		HideSolutionNode = FALSE
	EndGlobalSection
	GlobalSection(NestedProjects) = preSolution
		{303F50C6-4EBB-45C5-BFEA-F5F39CAF0410} = {349FA729-E5E6-4A6D-843B-9365A88B6F3F}
	EndGlobalSection
EndGlobal
